
Microsoft Visual Studio Solution File, Format Version 12.00
# Visual Studio Version 17
VisualStudioVersion = 17.9.34511.98
MinimumVisualStudioVersion = 10.0.40219.1
Project("{9A19103F-16F7-4668-BE54-9A1E7A4F7556}") = "Memo.Blog.Application", "src\Memo.Blog.Application\Memo.Blog.Application.csproj", "{4877C46F-13C0-43C3-AC7D-655CFB3FF935}"
EndProject
Project("{2150E333-8FDC-42A3-9474-1A3956D46DE8}") = "src", "src", "{0DD975FC-55D4-4E27-B18B-38FE3CF6C057}"
EndProject
Project("{2150E333-8FDC-42A3-9474-1A3956D46DE8}") = "solution-items", "solution-items", "{12178FAB-83C3-469F-9387-67C781810B2B}"
	ProjectSection(SolutionItems) = preProject
		.editorconfig = .editorconfig
		.gitignore = .gitignore
		azure-pipelines.yml = azure-pipelines.yml
		LICENSE = LICENSE
		README.md = README.md
	EndProjectSection
EndProject
Project("{2150E333-8FDC-42A3-9474-1A3956D46DE8}") = "tests", "tests", "{CF72C890-F2FA-443F-9005-F77F79E6CD6A}"
EndProject
Project("{9A19103F-16F7-4668-BE54-9A1E7A4F7556}") = "Memo.Blog.Domain", "src\Memo.Blog.Domain\Memo.Blog.Domain.csproj", "{66A6BD7F-5897-490F-B2FA-F73EB40C6AAA}"
EndProject
Project("{9A19103F-16F7-4668-BE54-9A1E7A4F7556}") = "Memo.Blog.Infrastructure", "src\Memo.Blog.Infrastructure\Memo.Blog.Infrastructure.csproj", "{2C8B9A42-F318-40DF-A7FD-F1FE65D225E5}"
EndProject
Project("{9A19103F-16F7-4668-BE54-9A1E7A4F7556}") = "Memo.Blog.Application.Test", "tests\Memo.Blog.Application.Test\Memo.Blog.Application.Test.csproj", "{90E6D929-834A-46C0-86D6-ADDD9C4D8DCA}"
EndProject
Project("{9A19103F-16F7-4668-BE54-9A1E7A4F7556}") = "Memo.Blog.Api", "src\Memo.Blog.Api\Memo.Blog.Api.csproj", "{12139757-B8C7-4C28-91CB-5E7E854D7FD7}"
EndProject
Global
	GlobalSection(SolutionConfigurationPlatforms) = preSolution
		Debug|Any CPU = Debug|Any CPU
		Release|Any CPU = Release|Any CPU
	EndGlobalSection
	GlobalSection(ProjectConfigurationPlatforms) = postSolution
		{4877C46F-13C0-43C3-AC7D-655CFB3FF935}.Debug|Any CPU.ActiveCfg = Debug|Any CPU
		{4877C46F-13C0-43C3-AC7D-655CFB3FF935}.Debug|Any CPU.Build.0 = Debug|Any CPU
		{4877C46F-13C0-43C3-AC7D-655CFB3FF935}.Release|Any CPU.ActiveCfg = Release|Any CPU
		{4877C46F-13C0-43C3-AC7D-655CFB3FF935}.Release|Any CPU.Build.0 = Release|Any CPU
		{66A6BD7F-5897-490F-B2FA-F73EB40C6AAA}.Debug|Any CPU.ActiveCfg = Debug|Any CPU
		{66A6BD7F-5897-490F-B2FA-F73EB40C6AAA}.Debug|Any CPU.Build.0 = Debug|Any CPU
		{66A6BD7F-5897-490F-B2FA-F73EB40C6AAA}.Release|Any CPU.ActiveCfg = Release|Any CPU
		{66A6BD7F-5897-490F-B2FA-F73EB40C6AAA}.Release|Any CPU.Build.0 = Release|Any CPU
		{2C8B9A42-F318-40DF-A7FD-F1FE65D225E5}.Debug|Any CPU.ActiveCfg = Debug|Any CPU
		{2C8B9A42-F318-40DF-A7FD-F1FE65D225E5}.Debug|Any CPU.Build.0 = Debug|Any CPU
		{2C8B9A42-F318-40DF-A7FD-F1FE65D225E5}.Release|Any CPU.ActiveCfg = Release|Any CPU
		{2C8B9A42-F318-40DF-A7FD-F1FE65D225E5}.Release|Any CPU.Build.0 = Release|Any CPU
		{90E6D929-834A-46C0-86D6-ADDD9C4D8DCA}.Debug|Any CPU.ActiveCfg = Debug|Any CPU
		{90E6D929-834A-46C0-86D6-ADDD9C4D8DCA}.Debug|Any CPU.Build.0 = Debug|Any CPU
		{90E6D929-834A-46C0-86D6-ADDD9C4D8DCA}.Release|Any CPU.ActiveCfg = Release|Any CPU
		{90E6D929-834A-46C0-86D6-ADDD9C4D8DCA}.Release|Any CPU.Build.0 = Release|Any CPU
		{12139757-B8C7-4C28-91CB-5E7E854D7FD7}.Debug|Any CPU.ActiveCfg = Debug|Any CPU
		{12139757-B8C7-4C28-91CB-5E7E854D7FD7}.Debug|Any CPU.Build.0 = Debug|Any CPU
		{12139757-B8C7-4C28-91CB-5E7E854D7FD7}.Release|Any CPU.ActiveCfg = Release|Any CPU
		{12139757-B8C7-4C28-91CB-5E7E854D7FD7}.Release|Any CPU.Build.0 = Release|Any CPU
	EndGlobalSection
	GlobalSection(SolutionProperties) = preSolution
		HideSolutionNode = FALSE
	EndGlobalSection
	GlobalSection(NestedProjects) = preSolution
		{4877C46F-13C0-43C3-AC7D-655CFB3FF935} = {0DD975FC-55D4-4E27-B18B-38FE3CF6C057}
		{66A6BD7F-5897-490F-B2FA-F73EB40C6AAA} = {0DD975FC-55D4-4E27-B18B-38FE3CF6C057}
		{2C8B9A42-F318-40DF-A7FD-F1FE65D225E5} = {0DD975FC-55D4-4E27-B18B-38FE3CF6C057}
		{90E6D929-834A-46C0-86D6-ADDD9C4D8DCA} = {CF72C890-F2FA-443F-9005-F77F79E6CD6A}
		{12139757-B8C7-4C28-91CB-5E7E854D7FD7} = {0DD975FC-55D4-4E27-B18B-38FE3CF6C057}
	EndGlobalSection
	GlobalSection(ExtensibilityGlobals) = postSolution
		SolutionGuid = {956F8CA1-0449-4625-B26E-B01F5415D3E0}
	EndGlobalSection
EndGlobal
