
Microsoft Visual Studio Solution File, Format Version 12.00
# Visual Studio Version 17
VisualStudioVersion = 17.5.002.0
MinimumVisualStudioVersion = 10.0.40219.1
Project("{9A19103F-16F7-4668-BE54-9A1E7A4F7556}") = "Memo.Blog.Application", "Memo.Blog.Application\Memo.Blog.Application.csproj", "{76EE0EF1-9BDC-4E94-AF8D-4626983900CC}"
EndProject
Project("{9A19103F-16F7-4668-BE54-9A1E7A4F7556}") = "Memo.Blog.Domain", "Memo.Blog.Domain\Memo.Blog.Domain.csproj", "{7E0F5EBA-9983-430D-90A1-A7AD717110C0}"
EndProject
Project("{9A19103F-16F7-4668-BE54-9A1E7A4F7556}") = "Memo.Blog.Infrastructure", "Memo.Blog.Infrastructure\Memo.Blog.Infrastructure.csproj", "{B231C3C8-F627-49A7-B76F-1B1255D53C9C}"
EndProject
Project("{9A19103F-16F7-4668-BE54-9A1E7A4F7556}") = "Memo.Blog.WebApi", "Memo.Blog.WebApi\Memo.Blog.WebApi.csproj", "{61DA2B38-C99E-4FEA-B986-50FA7407C96C}"
EndProject
Global
	GlobalSection(SolutionConfigurationPlatforms) = preSolution
		Debug|Any CPU = Debug|Any CPU
		Release|Any CPU = Release|Any CPU
	EndGlobalSection
	GlobalSection(ProjectConfigurationPlatforms) = postSolution
		{76EE0EF1-9BDC-4E94-AF8D-4626983900CC}.Debug|Any CPU.ActiveCfg = Debug|Any CPU
		{76EE0EF1-9BDC-4E94-AF8D-4626983900CC}.Debug|Any CPU.Build.0 = Debug|Any CPU
		{76EE0EF1-9BDC-4E94-AF8D-4626983900CC}.Release|Any CPU.ActiveCfg = Release|Any CPU
		{76EE0EF1-9BDC-4E94-AF8D-4626983900CC}.Release|Any CPU.Build.0 = Release|Any CPU
		{7E0F5EBA-9983-430D-90A1-A7AD717110C0}.Debug|Any CPU.ActiveCfg = Debug|Any CPU
		{7E0F5EBA-9983-430D-90A1-A7AD717110C0}.Debug|Any CPU.Build.0 = Debug|Any CPU
		{7E0F5EBA-9983-430D-90A1-A7AD717110C0}.Release|Any CPU.ActiveCfg = Release|Any CPU
		{7E0F5EBA-9983-430D-90A1-A7AD717110C0}.Release|Any CPU.Build.0 = Release|Any CPU
		{B231C3C8-F627-49A7-B76F-1B1255D53C9C}.Debug|Any CPU.ActiveCfg = Debug|Any CPU
		{B231C3C8-F627-49A7-B76F-1B1255D53C9C}.Debug|Any CPU.Build.0 = Debug|Any CPU
		{B231C3C8-F627-49A7-B76F-1B1255D53C9C}.Release|Any CPU.ActiveCfg = Release|Any CPU
		{B231C3C8-F627-49A7-B76F-1B1255D53C9C}.Release|Any CPU.Build.0 = Release|Any CPU
		{61DA2B38-C99E-4FEA-B986-50FA7407C96C}.Debug|Any CPU.ActiveCfg = Debug|Any CPU
		{61DA2B38-C99E-4FEA-B986-50FA7407C96C}.Debug|Any CPU.Build.0 = Debug|Any CPU
		{61DA2B38-C99E-4FEA-B986-50FA7407C96C}.Release|Any CPU.ActiveCfg = Release|Any CPU
		{61DA2B38-C99E-4FEA-B986-50FA7407C96C}.Release|Any CPU.Build.0 = Release|Any CPU
	EndGlobalSection
	GlobalSection(SolutionProperties) = preSolution
		HideSolutionNode = FALSE
	EndGlobalSection
	GlobalSection(ExtensibilityGlobals) = postSolution
		SolutionGuid = {835C763C-C7C4-4C6B-B477-5AA56D5BF98A}
	EndGlobalSection
EndGlobal
